// !$*UTF8*$!
{
	archiveVersion = 1;
	classes = {
	};
	objectVersion = 46;
	objects = {

/* Begin PBXBuildFile section */
		DEC7E97F1E6275F500C6EDEB /* AppDelegate.swift in Sources */ = {isa = PBXBuildFile; fileRef = DEC7E97E1E6275F500C6EDEB /* AppDelegate.swift */; };
		DEC7E9811E6275F500C6EDEB /* ViewController.swift in Sources */ = {isa = PBXBuildFile; fileRef = DEC7E9801E6275F500C6EDEB /* ViewController.swift */; };
		DEC7E9841E6275F500C6EDEB /* Main.storyboard in Resources */ = {isa = PBXBuildFile; fileRef = DEC7E9821E6275F500C6EDEB /* Main.storyboard */; };
		DEC7E9861E6275F600C6EDEB /* Assets.xcassets in Resources */ = {isa = PBXBuildFile; fileRef = DEC7E9851E6275F600C6EDEB /* Assets.xcassets */; };
		DEC7E9891E6275F600C6EDEB /* LaunchScreen.storyboard in Resources */ = {isa = PBXBuildFile; fileRef = DEC7E9871E6275F600C6EDEB /* LaunchScreen.storyboard */; };
		DEC7E9911E62762B00C6EDEB /* tabbycat.jpg in Resources */ = {isa = PBXBuildFile; fileRef = DEC7E9901E62762B00C6EDEB /* tabbycat.jpg */; };
/* End PBXBuildFile section */

/* Begin PBXFileReference section */
		DEC7E97B1E6275F400C6EDEB /* CatYears.app */ = {isa = PBXFileReference; explicitFileType = wrapper.application; includeInIndex = 0; path = CatYears.app; sourceTree = BUILT_PRODUCTS_DIR; };
		DEC7E97E1E6275F500C6EDEB /* AppDelegate.swift */ = {isa = PBXFileReference; lastKnownFileType = sourcecode.swift; path = AppDelegate.swift; sourceTree = "<group>"; };
		DEC7E9801E6275F500C6EDEB /* ViewController.swift */ = {isa = PBXFileReference; lastKnownFileType = sourcecode.swift; path = ViewController.swift; sourceTree = "<group>"; };
		DEC7E9831E6275F500C6EDEB /* Base */ = {isa = PBXFileReference; lastKnownFileType = file.storyboard; name = Base; path = Base.lproj/Main.storyboard; sourceTree = "<group>"; };
		DEC7E9851E6275F600C6EDEB /* Assets.xcassets */ = {isa = PBXFileReference; lastKnownFileType = folder.assetcatalog; path = Assets.xcassets; sourceTree = "<group>"; };
		DEC7E9881E6275F600C6EDEB /* Base */ = {isa = PBXFileReference; lastKnownFileType = file.storyboard; name = Base; path = Base.lproj/LaunchScreen.storyboard; sourceTree = "<group>"; };
		DEC7E98A1E6275F600C6EDEB /* Info.plist */ = {isa = PBXFileReference; lastKnownFileType = text.plist.xml; path = Info.plist; sourceTree = "<group>"; };
		DEC7E9901E62762B00C6EDEB /* tabbycat.jpg */ = {isa = PBXFileReference; lastKnownFileType = image.jpeg; path = tabbycat.jpg; sourceTree = "<group>"; };
/* End PBXFileReference section */

/* Begin PBXFrameworksBuildPhase section */
		DEC7E9781E6275F400C6EDEB /* Frameworks */ = {
			isa = PBXFrameworksBuildPhase;
			buildActionMask = 2147483647;
			files = (
			);
			runOnlyForDeploymentPostprocessing = 0;
		};
/* End PBXFrameworksBuildPhase section */

/* Begin PBXGroup section */
		DEC7E9721E6275F400C6EDEB = {
			isa = PBXGroup;
			children = (
				DEC7E97D1E6275F500C6EDEB /* CatYears */,
				DEC7E97C1E6275F400C6EDEB /* Products */,
			);
			sourceTree = "<group>";
		};
		DEC7E97C1E6275F400C6EDEB /* Products */ = {
			isa = PBXGroup;
			children = (
				DEC7E97B1E6275F400C6EDEB /* CatYears.app */,
			);
			name = Products;
			sourceTree = "<group>";
		};
		DEC7E97D1E6275F500C6EDEB /* CatYears */ = {
			isa = PBXGroup;
			children = (
				DEC7E97E1E6275F500C6EDEB /* AppDelegate.swift */,
				DEC7E9801E6275F500C6EDEB /* ViewController.swift */,
				DEC7E9821E6275F500C6EDEB /* Main.storyboard */,
				DEC7E9901E62762B00C6EDEB /* tabbycat.jpg */,
				DEC7E9851E6275F600C6EDEB /* Assets.xcassets */,
				DEC7E9871E6275F600C6EDEB /* LaunchScreen.storyboard */,
				DEC7E98A1E6275F600C6EDEB /* Info.plist */,
			);
			path = CatYears;
			sourceTree = "<group>";
		};
/* End PBXGroup section */

/* Begin PBXNativeTarget section */
		DEC7E97A1E6275F400C6EDEB /* CatYears */ = {
			isa = PBXNativeTarget;
			buildConfigurationList = DEC7E98D1E6275F600C6EDEB /* Build configuration list for PBXNativeTarget "CatYears" */;
			buildPhases = (
				DEC7E9771E6275F400C6EDEB /* Sources */,
				DEC7E9781E6275F400C6EDEB /* Frameworks */,
				DEC7E9791E6275F400C6EDEB /* Resources */,
			);
			buildRules = (
			);
			dependencies = (
			);
			name = CatYears;
			productName = CatYears;
			productReference = DEC7E97B1E6275F400C6EDEB /* CatYears.app */;
			productType = "com.apple.product-type.application";
		};
/* End PBXNativeTarget section */

/* Begin PBXProject section */
		DEC7E9731E6275F400C6EDEB /* Project object */ = {
			isa = PBXProject;
			attributes = {
				LastSwiftUpdateCheck = 0820;
				LastUpgradeCheck = 0820;
				ORGANIZATIONNAME = "Dumb Unicorn";
				TargetAttributes = {
					DEC7E97A1E6275F400C6EDEB = {
						CreatedOnToolsVersion = 8.2.1;
						DevelopmentTeam = AEGMM9642D;
						ProvisioningStyle = Automatic;
					};
				};
			};
			buildConfigurationList = DEC7E9761E6275F400C6EDEB /* Build configuration list for PBXProject "CatYears" */;
			compatibilityVersion = "Xcode 3.2";
			developmentRegion = English;
			hasScannedForEncodings = 0;
			knownRegions = (
				en,
				Base,
			);
			mainGroup = DEC7E9721E6275F400C6EDEB;
			productRefGroup = DEC7E97C1E6275F400C6EDEB /* Products */;
			projectDirPath = "";
			projectRoot = "";
			targets = (
				DEC7E97A1E6275F400C6EDEB /* CatYears */,
			);
		};
/* End PBXProject section */

/* Begin PBXResourcesBuildPhase section */
		DEC7E9791E6275F400C6EDEB /* Resources */ = {
			isa = PBXResourcesBuildPhase;
			buildActionMask = 2147483647;
			files = (
				DEC7E9891E6275F600C6EDEB /* LaunchScreen.storyboard in Resources */,
				DEC7E9911E62762B00C6EDEB /* tabbycat.jpg in Resources */,
				DEC7E9861E6275F600C6EDEB /* Assets.xcassets in Resources */,
				DEC7E9841E6275F500C6EDEB /* Main.storyboard in Resources */,
			);
			runOnlyForDeploymentPostprocessing = 0;
		};
/* End PBXResourcesBuildPhase section */

/* Begin PBXSourcesBuildPhase section */
		DEC7E9771E6275F400C6EDEB /* Sources */ = {
			isa = PBXSourcesBuildPhase;
			buildActionMask = 2147483647;
			files = (
				DEC7E9811E6275F500C6EDEB /* ViewController.swift in Sources */,
				DEC7E97F1E6275F500C6EDEB /* AppDelegate.swift in Sources */,
			);
			runOnlyForDeploymentPostprocessing = 0;
		};
/* End PBXSourcesBuildPhase section */

/* Begin PBXVariantGroup section */
		DEC7E9821E6275F500C6EDEB /* Main.storyboard */ = {
			isa = PBXVariantGroup;
			children = (
				DEC7E9831E6275F500C6EDEB /* Base */,
			);
			name = Main.storyboard;
			sourceTree = "<group>";
		};
		DEC7E9871E6275F600C6EDEB /* LaunchScreen.storyboard */ = {
			isa = PBXVariantGroup;
			children = (
				DEC7E9881E6275F600C6EDEB /* Base */,
			);
			name = LaunchScreen.storyboard;
			sourceTree = "<group>";
		};
/* End PBXVariantGroup section */

/* Begin XCBuildConfiguration section */
		DEC7E98B1E6275F600C6EDEB /* Debug */ = {
			isa = XCBuildConfiguration;
			buildSettings = {
				ALWAYS_SEARCH_USER_PATHS = NO;
				CLANG_ANALYZER_NONNULL = YES;
				CLANG_CXX_LANGUAGE_STANDARD = "gnu++0x";
				CLANG_CXX_LIBRARY = "libc++";
				CLANG_ENABLE_MODULES = YES;
				CLANG_ENABLE_OBJC_ARC = YES;
				CLANG_WARN_BOOL_CONVERSION = YES;
				CLANG_WARN_CONSTANT_CONVERSION = YES;
				CLANG_WARN_DIRECT_OBJC_ISA_USAGE = YES_ERROR;
				CLANG_WARN_DOCUMENTATION_COMMENTS = YES;
				CLANG_WARN_EMPTY_BODY = YES;
				CLANG_WARN_ENUM_CONVERSION = YES;
				CLANG_WARN_INFINITE_RECURSION = YES;
				CLANG_WARN_INT_CONVERSION = YES;
				CLANG_WARN_OBJC_ROOT_CLASS = YES_ERROR;
				CLANG_WARN_SUSPICIOUS_MOVE = YES;
				CLANG_WARN_UNREACHABLE_CODE = YES;
				CLANG_WARN__DUPLICATE_METHOD_MATCH = YES;
				"CODE_SIGN_IDENTITY[sdk=iphoneos*]" = "iPhone Developer";
				COPY_PHASE_STRIP = NO;
				DEBUG_INFORMATION_FORMAT = dwarf;
				ENABLE_STRICT_OBJC_MSGSEND = YES;
				ENABLE_TESTABILITY = YES;
				GCC_C_LANGUAGE_STANDARD = gnu99;
				GCC_DYNAMIC_NO_PIC = NO;
				GCC_NO_COMMON_BLOCKS = YES;
				GCC_OPTIMIZATION_LEVEL = 0;
				GCC_PREPROCESSOR_DEFINITIONS = (
					"DEBUG=1",
					"$(inherited)",
				);
				GCC_WARN_64_TO_32_BIT_CONVERSION = YES;
				GCC_WARN_ABOUT_RETURN_TYPE = YES_ERROR;
				GCC_WARN_UNDECLARED_SELECTOR = YES;
				GCC_WARN_UNINITIALIZED_AUTOS = YES_AGGRESSIVE;
				GCC_WARN_UNUSED_FUNCTION = YES;
				GCC_WARN_UNUSED_VARIABLE = YES;
				IPHONEOS_DEPLOYMENT_TARGET = 10.2;
				MTL_ENABLE_DEBUG_INFO = YES;
				ONLY_ACTIVE_ARCH = YES;
				SDKROOT = iphoneos;
				SWIFT_ACTIVE_COMPILATION_CONDITIONS = DEBUG;
				SWIFT_OPTIMIZATION_LEVEL = "-Onone";
			};
			name = Debug;
		};
		DEC7E98C1E6275F600C6EDEB /* Release */ = {
			isa = XCBuildConfiguration;
			buildSettings = {
				ALWAYS_SEARCH_USER_PATHS = NO;
				CLANG_ANALYZER_NONNULL = YES;
				CLANG_CXX_LANGUAGE_STANDARD = "gnu++0x";
				CLANG_CXX_LIBRARY = "libc++";
				CLANG_ENABLE_MODULES = YES;
				CLANG_ENABLE_OBJC_ARC = YES;
				CLANG_WARN_BOOL_CONVERSION = YES;
				CLANG_WARN_CONSTANT_CONVERSION = YES;
				CLANG_WARN_DIRECT_OBJC_ISA_USAGE = YES_ERROR;
				CLANG_WARN_DOCUMENTATION_COMMENTS = YES;
				CLANG_WARN_EMPTY_BODY = YES;
				CLANG_WARN_ENUM_CONVERSION = YES;
				CLANG_WARN_INFINITE_RECURSION = YES;
				CLANG_WARN_INT_CONVERSION = YES;
				CLANG_WARN_OBJC_ROOT_CLASS = YES_ERROR;
				CLANG_WARN_SUSPICIOUS_MOVE = YES;
				CLANG_WARN_UNREACHABLE_CODE = YES;
				CLANG_WARN__DUPLICATE_METHOD_MATCH = YES;
				"CODE_SIGN_IDENTITY[sdk=iphoneos*]" = "iPhone Developer";
				COPY_PHASE_STRIP = NO;
				DEBUG_INFORMATION_FORMAT = "dwarf-with-dsym";
				ENABLE_NS_ASSERTIONS = NO;
				ENABLE_STRICT_OBJC_MSGSEND = YES;
				GCC_C_LANGUAGE_STANDARD = gnu99;
				GCC_NO_COMMON_BLOCKS = YES;
				GCC_WARN_64_TO_32_BIT_CONVERSION = YES;
				GCC_WARN_ABOUT_RETURN_TYPE = YES_ERROR;
				GCC_WARN_UNDECLARED_SELECTOR = YES;
				GCC_WARN_UNINITIALIZED_AUTOS = YES_AGGRESSIVE;
				GCC_WARN_UNUSED_FUNCTION = YES;
				GCC_WARN_UNUSED_VARIABLE = YES;
				IPHONEOS_DEPLOYMENT_TARGET = 10.2;
				MTL_ENABLE_DEBUG_INFO = NO;
				SDKROOT = iphoneos;
				SWIFT_OPTIMIZATION_LEVEL = "-Owholemodule";
				VALIDATE_PRODUCT = YES;
			};
			name = Release;
		};
		DEC7E98E1E6275F600C6EDEB /* Debug */ = {
			isa = XCBuildConfiguration;
			buildSettings = {
				ASSETCATALOG_COMPILER_APPICON_NAME = AppIcon;
				DEVELOPMENT_TEAM = AEGMM9642D;
				INFOPLIST_FILE = CatYears/Info.plist;
				LD_RUNPATH_SEARCH_PATHS = "$(inherited) @executable_path/Frameworks";
				PRODUCT_BUNDLE_IDENTIFIER = com.DumbUnicorn.CatYears;
				PRODUCT_NAME = "$(TARGET_NAME)";
				SWIFT_VERSION = 3.0;
			};
			name = Debug;
		};
		DEC7E98F1E6275F600C6EDEB /* Release */ = {
			isa = XCBuildConfiguration;
			buildSettings = {
				ASSETCATALOG_COMPILER_APPICON_NAME = AppIcon;
				DEVELOPMENT_TEAM = AEGMM9642D;
				INFOPLIST_FILE = CatYears/Info.plist;
				LD_RUNPATH_SEARCH_PATHS = "$(inherited) @executable_path/Frameworks";
				PRODUCT_BUNDLE_IDENTIFIER = com.DumbUnicorn.CatYears;
				PRODUCT_NAME = "$(TARGET_NAME)";
				SWIFT_VERSION = 3.0;
			};
			name = Release;
		};
/* End XCBuildConfiguration section */

/* Begin XCConfigurationList section */
		DEC7E9761E6275F400C6EDEB /* Build configuration list for PBXProject "CatYears" */ = {
			isa = XCConfigurationList;
			buildConfigurations = (
				DEC7E98B1E6275F600C6EDEB /* Debug */,
				DEC7E98C1E6275F600C6EDEB /* Release */,
			);
			defaultConfigurationIsVisible = 0;
			defaultConfigurationName = Release;
		};
		DEC7E98D1E6275F600C6EDEB /* Build configuration list for PBXNativeTarget "CatYears" */ = {
			isa = XCConfigurationList;
			buildConfigurations = (
				DEC7E98E1E6275F600C6EDEB /* Debug */,
				DEC7E98F1E6275F600C6EDEB /* Release */,
			);
			defaultConfigurationIsVisible = 0;
		};
/* End XCConfigurationList section */
	};
	rootObject = DEC7E9731E6275F400C6EDEB /* Project object */;
}
